
Microsoft Visual Studio Solution File, Format Version 12.00
# Visual Studio Version 17
VisualStudioVersion = 17.3.32901.215
MinimumVisualStudioVersion = 10.0.40219.1
Project("{FAE04EC0-301F-11D3-BF4B-00C04F79EFBC}") = "day2-puzzle2", "day2-puzzle2.csproj", "{9C1E985E-4D62-45E1-B9BA-57E7E4A479EC}"
EndProject
Global
	GlobalSection(SolutionConfigurationPlatforms) = preSolution
		Debug|Any CPU = Debug|Any CPU
		Release|Any CPU = Release|Any CPU
	EndGlobalSection
	GlobalSection(ProjectConfigurationPlatforms) = postSolution
		{9C1E985E-4D62-45E1-B9BA-57E7E4A479EC}.Debug|Any CPU.ActiveCfg = Debug|Any CPU
		{9C1E985E-4D62-45E1-B9BA-57E7E4A479EC}.Debug|Any CPU.Build.0 = Debug|Any CPU
		{9C1E985E-4D62-45E1-B9BA-57E7E4A479EC}.Release|Any CPU.ActiveCfg = Release|Any CPU
		{9C1E985E-4D62-45E1-B9BA-57E7E4A479EC}.Release|Any CPU.Build.0 = Release|Any CPU
	EndGlobalSection
	GlobalSection(SolutionProperties) = preSolution
		HideSolutionNode = FALSE
	EndGlobalSection
	GlobalSection(ExtensibilityGlobals) = postSolution
		SolutionGuid = {C06FEFDB-4B15-4F0D-8DC6-D436EE932FE4}
	EndGlobalSection
EndGlobal
